
Microsoft Visual Studio Solution File, Format Version 12.00
# Visual Studio Version 16
VisualStudioVersion = 16.0.30002.166
MinimumVisualStudioVersion = 10.0.40219.1
Project("{9A19103F-16F7-4668-BE54-9A1E7A4F7556}") = "SiriBiz.LineHook", "..\SiriBiz.LineHook\SiriBiz.LineHook.csproj", "{CA865ADC-5A22-4B19-B72D-6063FE845C58}"
EndProject
Project("{FAE04EC0-301F-11D3-BF4B-00C04F79EFBC}") = "SiriBiz.Core", "..\SiriBiz.Core\SiriBiz.Core.csproj", "{6EEC6F3C-AAD9-455F-870A-71E748684718}"
EndProject
Project("{FAE04EC0-301F-11D3-BF4B-00C04F79EFBC}") = "SiriBiz.App", "..\SiriBiz.App\SiriBiz.App.csproj", "{F4F8456F-3859-490F-BD5E-8B9761B07EEE}"
EndProject
Global
	GlobalSection(SolutionConfigurationPlatforms) = preSolution
		Debug|Any CPU = Debug|Any CPU
		Release|Any CPU = Release|Any CPU
	EndGlobalSection
	GlobalSection(ProjectConfigurationPlatforms) = postSolution
		{CA865ADC-5A22-4B19-B72D-6063FE845C58}.Debug|Any CPU.ActiveCfg = Debug|Any CPU
		{CA865ADC-5A22-4B19-B72D-6063FE845C58}.Debug|Any CPU.Build.0 = Debug|Any CPU
		{CA865ADC-5A22-4B19-B72D-6063FE845C58}.Release|Any CPU.ActiveCfg = Release|Any CPU
		{CA865ADC-5A22-4B19-B72D-6063FE845C58}.Release|Any CPU.Build.0 = Release|Any CPU
		{6EEC6F3C-AAD9-455F-870A-71E748684718}.Debug|Any CPU.ActiveCfg = Debug|Any CPU
		{6EEC6F3C-AAD9-455F-870A-71E748684718}.Debug|Any CPU.Build.0 = Debug|Any CPU
		{6EEC6F3C-AAD9-455F-870A-71E748684718}.Release|Any CPU.ActiveCfg = Release|Any CPU
		{6EEC6F3C-AAD9-455F-870A-71E748684718}.Release|Any CPU.Build.0 = Release|Any CPU
		{F4F8456F-3859-490F-BD5E-8B9761B07EEE}.Debug|Any CPU.ActiveCfg = Debug|Any CPU
		{F4F8456F-3859-490F-BD5E-8B9761B07EEE}.Debug|Any CPU.Build.0 = Debug|Any CPU
		{F4F8456F-3859-490F-BD5E-8B9761B07EEE}.Release|Any CPU.ActiveCfg = Release|Any CPU
		{F4F8456F-3859-490F-BD5E-8B9761B07EEE}.Release|Any CPU.Build.0 = Release|Any CPU
	EndGlobalSection
	GlobalSection(SolutionProperties) = preSolution
		HideSolutionNode = FALSE
	EndGlobalSection
	GlobalSection(ExtensibilityGlobals) = postSolution
		SolutionGuid = {4BC907E2-ABB2-46C1-B61E-D1AA301B6667}
	EndGlobalSection
EndGlobal
